// !$*UTF8*$!
{
	archiveVersion = 1;
	classes = {
	};
	objectVersion = 55;
	objects = {

/* Begin PBXBuildFile section */
		CF14CCDC28ACB33E00BF6FB5 /* AppDelegate.swift in Sources */ = {isa = PBXBuildFile; fileRef = CF14CCDB28ACB33E00BF6FB5 /* AppDelegate.swift */; };
		CF14CCDE28ACB33E00BF6FB5 /* SceneDelegate.swift in Sources */ = {isa = PBXBuildFile; fileRef = CF14CCDD28ACB33E00BF6FB5 /* SceneDelegate.swift */; };
		CF14CCE028ACB33E00BF6FB5 /* ViewController.swift in Sources */ = {isa = PBXBuildFile; fileRef = CF14CCDF28ACB33E00BF6FB5 /* ViewController.swift */; };
		CF14CCE328ACB33E00BF6FB5 /* Main.storyboard in Resources */ = {isa = PBXBuildFile; fileRef = CF14CCE128ACB33E00BF6FB5 /* Main.storyboard */; };
		CF14CCE528ACB34000BF6FB5 /* Assets.xcassets in Resources */ = {isa = PBXBuildFile; fileRef = CF14CCE428ACB34000BF6FB5 /* Assets.xcassets */; };
		CF14CCE828ACB34000BF6FB5 /* LaunchScreen.storyboard in Resources */ = {isa = PBXBuildFile; fileRef = CF14CCE628ACB34000BF6FB5 /* LaunchScreen.storyboard */; };
		CF14CCF128ACB37200BF6FB5 /* KakaoTalkViewController.swift in Sources */ = {isa = PBXBuildFile; fileRef = CF14CCF028ACB37200BF6FB5 /* KakaoTalkViewController.swift */; };
		CF14CCF428ACB8B400BF6FB5 /* SnapKit in Frameworks */ = {isa = PBXBuildFile; productRef = CF14CCF328ACB8B400BF6FB5 /* SnapKit */; };
		CF14CCF628ACF18500BF6FB5 /* MelonSnapkitViewController.swift in Sources */ = {isa = PBXBuildFile; fileRef = CF14CCF528ACF18400BF6FB5 /* MelonSnapkitViewController.swift */; };
/* End PBXBuildFile section */

/* Begin PBXFileReference section */
		CF14CCD828ACB33E00BF6FB5 /* CodeUIPractice.app */ = {isa = PBXFileReference; explicitFileType = wrapper.application; includeInIndex = 0; path = CodeUIPractice.app; sourceTree = BUILT_PRODUCTS_DIR; };
		CF14CCDB28ACB33E00BF6FB5 /* AppDelegate.swift */ = {isa = PBXFileReference; lastKnownFileType = sourcecode.swift; path = AppDelegate.swift; sourceTree = "<group>"; };
		CF14CCDD28ACB33E00BF6FB5 /* SceneDelegate.swift */ = {isa = PBXFileReference; lastKnownFileType = sourcecode.swift; path = SceneDelegate.swift; sourceTree = "<group>"; };
		CF14CCDF28ACB33E00BF6FB5 /* ViewController.swift */ = {isa = PBXFileReference; lastKnownFileType = sourcecode.swift; path = ViewController.swift; sourceTree = "<group>"; };
		CF14CCE228ACB33E00BF6FB5 /* Base */ = {isa = PBXFileReference; lastKnownFileType = file.storyboard; name = Base; path = Base.lproj/Main.storyboard; sourceTree = "<group>"; };
		CF14CCE428ACB34000BF6FB5 /* Assets.xcassets */ = {isa = PBXFileReference; lastKnownFileType = folder.assetcatalog; path = Assets.xcassets; sourceTree = "<group>"; };
		CF14CCE728ACB34000BF6FB5 /* Base */ = {isa = PBXFileReference; lastKnownFileType = file.storyboard; name = Base; path = Base.lproj/LaunchScreen.storyboard; sourceTree = "<group>"; };
		CF14CCE928ACB34000BF6FB5 /* Info.plist */ = {isa = PBXFileReference; lastKnownFileType = text.plist.xml; path = Info.plist; sourceTree = "<group>"; };
		CF14CCF028ACB37200BF6FB5 /* KakaoTalkViewController.swift */ = {isa = PBXFileReference; lastKnownFileType = sourcecode.swift; path = KakaoTalkViewController.swift; sourceTree = "<group>"; };
		CF14CCF528ACF18400BF6FB5 /* MelonSnapkitViewController.swift */ = {isa = PBXFileReference; lastKnownFileType = sourcecode.swift; path = MelonSnapkitViewController.swift; sourceTree = "<group>"; };
/* End PBXFileReference section */

/* Begin PBXFrameworksBuildPhase section */
		CF14CCD528ACB33E00BF6FB5 /* Frameworks */ = {
			isa = PBXFrameworksBuildPhase;
			buildActionMask = 2147483647;
			files = (
				CF14CCF428ACB8B400BF6FB5 /* SnapKit in Frameworks */,
			);
			runOnlyForDeploymentPostprocessing = 0;
		};
/* End PBXFrameworksBuildPhase section */

/* Begin PBXGroup section */
		CF14CCCF28ACB33E00BF6FB5 = {
			isa = PBXGroup;
			children = (
				CF14CCDA28ACB33E00BF6FB5 /* CodeUIPractice */,
				CF14CCD928ACB33E00BF6FB5 /* Products */,
			);
			sourceTree = "<group>";
		};
		CF14CCD928ACB33E00BF6FB5 /* Products */ = {
			isa = PBXGroup;
			children = (
				CF14CCD828ACB33E00BF6FB5 /* CodeUIPractice.app */,
			);
			name = Products;
			sourceTree = "<group>";
		};
		CF14CCDA28ACB33E00BF6FB5 /* CodeUIPractice */ = {
			isa = PBXGroup;
			children = (
				CF14CCEF28ACB34A00BF6FB5 /* CodeUI */,
				CF14CCDB28ACB33E00BF6FB5 /* AppDelegate.swift */,
				CF14CCDD28ACB33E00BF6FB5 /* SceneDelegate.swift */,
				CF14CCDF28ACB33E00BF6FB5 /* ViewController.swift */,
				CF14CCE128ACB33E00BF6FB5 /* Main.storyboard */,
				CF14CCE428ACB34000BF6FB5 /* Assets.xcassets */,
				CF14CCE628ACB34000BF6FB5 /* LaunchScreen.storyboard */,
				CF14CCE928ACB34000BF6FB5 /* Info.plist */,
			);
			path = CodeUIPractice;
			sourceTree = "<group>";
		};
		CF14CCEF28ACB34A00BF6FB5 /* CodeUI */ = {
			isa = PBXGroup;
			children = (
				CF14CCF028ACB37200BF6FB5 /* KakaoTalkViewController.swift */,
				CF14CCF528ACF18400BF6FB5 /* MelonSnapkitViewController.swift */,
			);
			path = CodeUI;
			sourceTree = "<group>";
		};
/* End PBXGroup section */

/* Begin PBXNativeTarget section */
		CF14CCD728ACB33E00BF6FB5 /* CodeUIPractice */ = {
			isa = PBXNativeTarget;
			buildConfigurationList = CF14CCEC28ACB34000BF6FB5 /* Build configuration list for PBXNativeTarget "CodeUIPractice" */;
			buildPhases = (
				CF14CCD428ACB33E00BF6FB5 /* Sources */,
				CF14CCD528ACB33E00BF6FB5 /* Frameworks */,
				CF14CCD628ACB33E00BF6FB5 /* Resources */,
			);
			buildRules = (
			);
			dependencies = (
			);
			name = CodeUIPractice;
			packageProductDependencies = (
				CF14CCF328ACB8B400BF6FB5 /* SnapKit */,
			);
			productName = CodeUIPractice;
			productReference = CF14CCD828ACB33E00BF6FB5 /* CodeUIPractice.app */;
			productType = "com.apple.product-type.application";
		};
/* End PBXNativeTarget section */

/* Begin PBXProject section */
		CF14CCD028ACB33E00BF6FB5 /* Project object */ = {
			isa = PBXProject;
			attributes = {
				BuildIndependentTargetsInParallel = 1;
				LastSwiftUpdateCheck = 1340;
				LastUpgradeCheck = 1340;
				TargetAttributes = {
					CF14CCD728ACB33E00BF6FB5 = {
						CreatedOnToolsVersion = 13.4.1;
					};
				};
			};
			buildConfigurationList = CF14CCD328ACB33E00BF6FB5 /* Build configuration list for PBXProject "CodeUIPractice" */;
			compatibilityVersion = "Xcode 13.0";
			developmentRegion = en;
			hasScannedForEncodings = 0;
			knownRegions = (
				en,
				Base,
			);
			mainGroup = CF14CCCF28ACB33E00BF6FB5;
			packageReferences = (
				CF14CCF228ACB8B400BF6FB5 /* XCRemoteSwiftPackageReference "SnapKit" */,
			);
			productRefGroup = CF14CCD928ACB33E00BF6FB5 /* Products */;
			projectDirPath = "";
			projectRoot = "";
			targets = (
				CF14CCD728ACB33E00BF6FB5 /* CodeUIPractice */,
			);
		};
/* End PBXProject section */

/* Begin PBXResourcesBuildPhase section */
		CF14CCD628ACB33E00BF6FB5 /* Resources */ = {
			isa = PBXResourcesBuildPhase;
			buildActionMask = 2147483647;
			files = (
				CF14CCE828ACB34000BF6FB5 /* LaunchScreen.storyboard in Resources */,
				CF14CCE528ACB34000BF6FB5 /* Assets.xcassets in Resources */,
				CF14CCE328ACB33E00BF6FB5 /* Main.storyboard in Resources */,
			);
			runOnlyForDeploymentPostprocessing = 0;
		};
/* End PBXResourcesBuildPhase section */

/* Begin PBXSourcesBuildPhase section */
		CF14CCD428ACB33E00BF6FB5 /* Sources */ = {
			isa = PBXSourcesBuildPhase;
			buildActionMask = 2147483647;
			files = (
				CF14CCE028ACB33E00BF6FB5 /* ViewController.swift in Sources */,
				CF14CCDC28ACB33E00BF6FB5 /* AppDelegate.swift in Sources */,
				CF14CCF628ACF18500BF6FB5 /* MelonSnapkitViewController.swift in Sources */,
				CF14CCF128ACB37200BF6FB5 /* KakaoTalkViewController.swift in Sources */,
				CF14CCDE28ACB33E00BF6FB5 /* SceneDelegate.swift in Sources */,
			);
			runOnlyForDeploymentPostprocessing = 0;
		};
/* End PBXSourcesBuildPhase section */

/* Begin PBXVariantGroup section */
		CF14CCE128ACB33E00BF6FB5 /* Main.storyboard */ = {
			isa = PBXVariantGroup;
			children = (
				CF14CCE228ACB33E00BF6FB5 /* Base */,
			);
			name = Main.storyboard;
			sourceTree = "<group>";
		};
		CF14CCE628ACB34000BF6FB5 /* LaunchScreen.storyboard */ = {
			isa = PBXVariantGroup;
			children = (
				CF14CCE728ACB34000BF6FB5 /* Base */,
			);
			name = LaunchScreen.storyboard;
			sourceTree = "<group>";
		};
/* End PBXVariantGroup section */

/* Begin XCBuildConfiguration section */
		CF14CCEA28ACB34000BF6FB5 /* Debug */ = {
			isa = XCBuildConfiguration;
			buildSettings = {
				ALWAYS_SEARCH_USER_PATHS = NO;
				CLANG_ANALYZER_NONNULL = YES;
				CLANG_ANALYZER_NUMBER_OBJECT_CONVERSION = YES_AGGRESSIVE;
				CLANG_CXX_LANGUAGE_STANDARD = "gnu++17";
				CLANG_ENABLE_MODULES = YES;
				CLANG_ENABLE_OBJC_ARC = YES;
				CLANG_ENABLE_OBJC_WEAK = YES;
				CLANG_WARN_BLOCK_CAPTURE_AUTORELEASING = YES;
				CLANG_WARN_BOOL_CONVERSION = YES;
				CLANG_WARN_COMMA = YES;
				CLANG_WARN_CONSTANT_CONVERSION = YES;
				CLANG_WARN_DEPRECATED_OBJC_IMPLEMENTATIONS = YES;
				CLANG_WARN_DIRECT_OBJC_ISA_USAGE = YES_ERROR;
				CLANG_WARN_DOCUMENTATION_COMMENTS = YES;
				CLANG_WARN_EMPTY_BODY = YES;
				CLANG_WARN_ENUM_CONVERSION = YES;
				CLANG_WARN_INFINITE_RECURSION = YES;
				CLANG_WARN_INT_CONVERSION = YES;
				CLANG_WARN_NON_LITERAL_NULL_CONVERSION = YES;
				CLANG_WARN_OBJC_IMPLICIT_RETAIN_SELF = YES;
				CLANG_WARN_OBJC_LITERAL_CONVERSION = YES;
				CLANG_WARN_OBJC_ROOT_CLASS = YES_ERROR;
				CLANG_WARN_QUOTED_INCLUDE_IN_FRAMEWORK_HEADER = YES;
				CLANG_WARN_RANGE_LOOP_ANALYSIS = YES;
				CLANG_WARN_STRICT_PROTOTYPES = YES;
				CLANG_WARN_SUSPICIOUS_MOVE = YES;
				CLANG_WARN_UNGUARDED_AVAILABILITY = YES_AGGRESSIVE;
				CLANG_WARN_UNREACHABLE_CODE = YES;
				CLANG_WARN__DUPLICATE_METHOD_MATCH = YES;
				COPY_PHASE_STRIP = NO;
				DEBUG_INFORMATION_FORMAT = dwarf;
				ENABLE_STRICT_OBJC_MSGSEND = YES;
				ENABLE_TESTABILITY = YES;
				GCC_C_LANGUAGE_STANDARD = gnu11;
				GCC_DYNAMIC_NO_PIC = NO;
				GCC_NO_COMMON_BLOCKS = YES;
				GCC_OPTIMIZATION_LEVEL = 0;
				GCC_PREPROCESSOR_DEFINITIONS = (
					"DEBUG=1",
					"$(inherited)",
				);
				GCC_WARN_64_TO_32_BIT_CONVERSION = YES;
				GCC_WARN_ABOUT_RETURN_TYPE = YES_ERROR;
				GCC_WARN_UNDECLARED_SELECTOR = YES;
				GCC_WARN_UNINITIALIZED_AUTOS = YES_AGGRESSIVE;
				GCC_WARN_UNUSED_FUNCTION = YES;
				GCC_WARN_UNUSED_VARIABLE = YES;
				IPHONEOS_DEPLOYMENT_TARGET = 15.5;
				MTL_ENABLE_DEBUG_INFO = INCLUDE_SOURCE;
				MTL_FAST_MATH = YES;
				ONLY_ACTIVE_ARCH = YES;
				SDKROOT = iphoneos;
				SWIFT_ACTIVE_COMPILATION_CONDITIONS = DEBUG;
				SWIFT_OPTIMIZATION_LEVEL = "-Onone";
			};
			name = Debug;
		};
		CF14CCEB28ACB34000BF6FB5 /* Release */ = {
			isa = XCBuildConfiguration;
			buildSettings = {
				ALWAYS_SEARCH_USER_PATHS = NO;
				CLANG_ANALYZER_NONNULL = YES;
				CLANG_ANALYZER_NUMBER_OBJECT_CONVERSION = YES_AGGRESSIVE;
				CLANG_CXX_LANGUAGE_STANDARD = "gnu++17";
				CLANG_ENABLE_MODULES = YES;
				CLANG_ENABLE_OBJC_ARC = YES;
				CLANG_ENABLE_OBJC_WEAK = YES;
				CLANG_WARN_BLOCK_CAPTURE_AUTORELEASING = YES;
				CLANG_WARN_BOOL_CONVERSION = YES;
				CLANG_WARN_COMMA = YES;
				CLANG_WARN_CONSTANT_CONVERSION = YES;
				CLANG_WARN_DEPRECATED_OBJC_IMPLEMENTATIONS = YES;
				CLANG_WARN_DIRECT_OBJC_ISA_USAGE = YES_ERROR;
				CLANG_WARN_DOCUMENTATION_COMMENTS = YES;
				CLANG_WARN_EMPTY_BODY = YES;
				CLANG_WARN_ENUM_CONVERSION = YES;
				CLANG_WARN_INFINITE_RECURSION = YES;
				CLANG_WARN_INT_CONVERSION = YES;
				CLANG_WARN_NON_LITERAL_NULL_CONVERSION = YES;
				CLANG_WARN_OBJC_IMPLICIT_RETAIN_SELF = YES;
				CLANG_WARN_OBJC_LITERAL_CONVERSION = YES;
				CLANG_WARN_OBJC_ROOT_CLASS = YES_ERROR;
				CLANG_WARN_QUOTED_INCLUDE_IN_FRAMEWORK_HEADER = YES;
				CLANG_WARN_RANGE_LOOP_ANALYSIS = YES;
				CLANG_WARN_STRICT_PROTOTYPES = YES;
				CLANG_WARN_SUSPICIOUS_MOVE = YES;
				CLANG_WARN_UNGUARDED_AVAILABILITY = YES_AGGRESSIVE;
				CLANG_WARN_UNREACHABLE_CODE = YES;
				CLANG_WARN__DUPLICATE_METHOD_MATCH = YES;
				COPY_PHASE_STRIP = NO;
				DEBUG_INFORMATION_FORMAT = "dwarf-with-dsym";
				ENABLE_NS_ASSERTIONS = NO;
				ENABLE_STRICT_OBJC_MSGSEND = YES;
				GCC_C_LANGUAGE_STANDARD = gnu11;
				GCC_NO_COMMON_BLOCKS = YES;
				GCC_WARN_64_TO_32_BIT_CONVERSION = YES;
				GCC_WARN_ABOUT_RETURN_TYPE = YES_ERROR;
				GCC_WARN_UNDECLARED_SELECTOR = YES;
				GCC_WARN_UNINITIALIZED_AUTOS = YES_AGGRESSIVE;
				GCC_WARN_UNUSED_FUNCTION = YES;
				GCC_WARN_UNUSED_VARIABLE = YES;
				IPHONEOS_DEPLOYMENT_TARGET = 15.5;
				MTL_ENABLE_DEBUG_INFO = NO;
				MTL_FAST_MATH = YES;
				SDKROOT = iphoneos;
				SWIFT_COMPILATION_MODE = wholemodule;
				SWIFT_OPTIMIZATION_LEVEL = "-O";
				VALIDATE_PRODUCT = YES;
			};
			name = Release;
		};
		CF14CCED28ACB34000BF6FB5 /* Debug */ = {
			isa = XCBuildConfiguration;
			buildSettings = {
				ASSETCATALOG_COMPILER_APPICON_NAME = AppIcon;
				ASSETCATALOG_COMPILER_GLOBAL_ACCENT_COLOR_NAME = AccentColor;
				CODE_SIGN_STYLE = Automatic;
				CURRENT_PROJECT_VERSION = 1;
				DEVELOPMENT_TEAM = V39QSCSL6T;
				GENERATE_INFOPLIST_FILE = YES;
				INFOPLIST_FILE = CodeUIPractice/Info.plist;
				INFOPLIST_KEY_UIApplicationSupportsIndirectInputEvents = YES;
				INFOPLIST_KEY_UILaunchStoryboardName = LaunchScreen;
				INFOPLIST_KEY_UIMainStoryboardFile = Main;
				INFOPLIST_KEY_UISupportedInterfaceOrientations_iPad = "UIInterfaceOrientationPortrait UIInterfaceOrientationPortraitUpsideDown UIInterfaceOrientationLandscapeLeft UIInterfaceOrientationLandscapeRight";
				INFOPLIST_KEY_UISupportedInterfaceOrientations_iPhone = "UIInterfaceOrientationPortrait UIInterfaceOrientationLandscapeLeft UIInterfaceOrientationLandscapeRight";
				LD_RUNPATH_SEARCH_PATHS = (
					"$(inherited)",
					"@executable_path/Frameworks",
				);
				MARKETING_VERSION = 1.0;
				PRODUCT_BUNDLE_IDENTIFIER = com.sesac.lec.CodeUIPractice;
				PRODUCT_NAME = "$(TARGET_NAME)";
				SWIFT_EMIT_LOC_STRINGS = YES;
				SWIFT_VERSION = 5.0;
				TARGETED_DEVICE_FAMILY = "1,2";
			};
			name = Debug;
		};
		CF14CCEE28ACB34000BF6FB5 /* Release */ = {
			isa = XCBuildConfiguration;
			buildSettings = {
				ASSETCATALOG_COMPILER_APPICON_NAME = AppIcon;
				ASSETCATALOG_COMPILER_GLOBAL_ACCENT_COLOR_NAME = AccentColor;
				CODE_SIGN_STYLE = Automatic;
				CURRENT_PROJECT_VERSION = 1;
				DEVELOPMENT_TEAM = V39QSCSL6T;
				GENERATE_INFOPLIST_FILE = YES;
				INFOPLIST_FILE = CodeUIPractice/Info.plist;
				INFOPLIST_KEY_UIApplicationSupportsIndirectInputEvents = YES;
				INFOPLIST_KEY_UILaunchStoryboardName = LaunchScreen;
				INFOPLIST_KEY_UIMainStoryboardFile = Main;
				INFOPLIST_KEY_UISupportedInterfaceOrientations_iPad = "UIInterfaceOrientationPortrait UIInterfaceOrientationPortraitUpsideDown UIInterfaceOrientationLandscapeLeft UIInterfaceOrientationLandscapeRight";
				INFOPLIST_KEY_UISupportedInterfaceOrientations_iPhone = "UIInterfaceOrientationPortrait UIInterfaceOrientationLandscapeLeft UIInterfaceOrientationLandscapeRight";
				LD_RUNPATH_SEARCH_PATHS = (
					"$(inherited)",
					"@executable_path/Frameworks",
				);
				MARKETING_VERSION = 1.0;
				PRODUCT_BUNDLE_IDENTIFIER = com.sesac.lec.CodeUIPractice;
				PRODUCT_NAME = "$(TARGET_NAME)";
				SWIFT_EMIT_LOC_STRINGS = YES;
				SWIFT_VERSION = 5.0;
				TARGETED_DEVICE_FAMILY = "1,2";
			};
			name = Release;
		};
/* End XCBuildConfiguration section */

/* Begin XCConfigurationList section */
		CF14CCD328ACB33E00BF6FB5 /* Build configuration list for PBXProject "CodeUIPractice" */ = {
			isa = XCConfigurationList;
			buildConfigurations = (
				CF14CCEA28ACB34000BF6FB5 /* Debug */,
				CF14CCEB28ACB34000BF6FB5 /* Release */,
			);
			defaultConfigurationIsVisible = 0;
			defaultConfigurationName = Release;
		};
		CF14CCEC28ACB34000BF6FB5 /* Build configuration list for PBXNativeTarget "CodeUIPractice" */ = {
			isa = XCConfigurationList;
			buildConfigurations = (
				CF14CCED28ACB34000BF6FB5 /* Debug */,
				CF14CCEE28ACB34000BF6FB5 /* Release */,
			);
			defaultConfigurationIsVisible = 0;
			defaultConfigurationName = Release;
		};
/* End XCConfigurationList section */

/* Begin XCRemoteSwiftPackageReference section */
		CF14CCF228ACB8B400BF6FB5 /* XCRemoteSwiftPackageReference "SnapKit" */ = {
			isa = XCRemoteSwiftPackageReference;
			repositoryURL = "https://github.com/SnapKit/SnapKit.git";
			requirement = {
				kind = upToNextMajorVersion;
				minimumVersion = 5.0.0;
			};
		};
/* End XCRemoteSwiftPackageReference section */

/* Begin XCSwiftPackageProductDependency section */
		CF14CCF328ACB8B400BF6FB5 /* SnapKit */ = {
			isa = XCSwiftPackageProductDependency;
			package = CF14CCF228ACB8B400BF6FB5 /* XCRemoteSwiftPackageReference "SnapKit" */;
			productName = SnapKit;
		};
/* End XCSwiftPackageProductDependency section */
	};
	rootObject = CF14CCD028ACB33E00BF6FB5 /* Project object */;
}
